
Microsoft Visual Studio Solution File, Format Version 12.00
# Visual Studio Version 17
VisualStudioVersion = 17.3.32929.385
MinimumVisualStudioVersion = 10.0.40219.1
Project("{FAE04EC0-301F-11D3-BF4B-00C04F79EFBC}") = "Devops.Demo", "Devops.Demo\Devops.Demo.csproj", "{02D4881D-38BC-46D8-87A2-152B471C2508}"
EndProject
Project("{FAE04EC0-301F-11D3-BF4B-00C04F79EFBC}") = "Devops.Exercices", "Devops.Exercices\Devops.Exercices.csproj", "{5D1A2D47-8E26-4534-9B7B-4B65042D486A}"
EndProject
Global
	GlobalSection(SolutionConfigurationPlatforms) = preSolution
		Debug|Any CPU = Debug|Any CPU
		Release|Any CPU = Release|Any CPU
	EndGlobalSection
	GlobalSection(ProjectConfigurationPlatforms) = postSolution
		{02D4881D-38BC-46D8-87A2-152B471C2508}.Debug|Any CPU.ActiveCfg = Debug|Any CPU
		{02D4881D-38BC-46D8-87A2-152B471C2508}.Debug|Any CPU.Build.0 = Debug|Any CPU
		{02D4881D-38BC-46D8-87A2-152B471C2508}.Release|Any CPU.ActiveCfg = Release|Any CPU
		{02D4881D-38BC-46D8-87A2-152B471C2508}.Release|Any CPU.Build.0 = Release|Any CPU
		{5D1A2D47-8E26-4534-9B7B-4B65042D486A}.Debug|Any CPU.ActiveCfg = Debug|Any CPU
		{5D1A2D47-8E26-4534-9B7B-4B65042D486A}.Debug|Any CPU.Build.0 = Debug|Any CPU
		{5D1A2D47-8E26-4534-9B7B-4B65042D486A}.Release|Any CPU.ActiveCfg = Release|Any CPU
		{5D1A2D47-8E26-4534-9B7B-4B65042D486A}.Release|Any CPU.Build.0 = Release|Any CPU
	EndGlobalSection
	GlobalSection(SolutionProperties) = preSolution
		HideSolutionNode = FALSE
	EndGlobalSection
	GlobalSection(ExtensibilityGlobals) = postSolution
		SolutionGuid = {1B695378-BA3C-4B42-AFF3-E02BA3C310F9}
	EndGlobalSection
EndGlobal
